// !$*UTF8*$!
{
	archiveVersion = 1;
	classes = {
	};
	objectVersion = 77;
	objects = {

/* Begin PBXGroup section */
		41A35C132EB7D92C009B2ED9 = {
			isa = PBXGroup;
			children = (
			);
			sourceTree = "<group>";
		};
/* End PBXGroup section */

/* Begin PBXProject section */
		41A35C142EB7D92C009B2ED9 /* Project object */ = {
			isa = PBXProject;
			attributes = {
				BuildIndependentTargetsInParallel = 1;
				LastUpgradeCheck = 2600;
			};
			buildConfigurationList = 41A35C172EB7D92C009B2ED9 /* Build configuration list for PBXProject "verba-apple" */;
			developmentRegion = en;
			hasScannedForEncodings = 0;
			knownRegions = (
				en,
				Base,
			);
			mainGroup = 41A35C132EB7D92C009B2ED9;
			minimizedProjectReferenceProxies = 1;
			preferredProjectObjectVersion = 77;
			projectDirPath = "";
			projectRoot = "";
			targets = (
			);
		};
/* End PBXProject section */

/* Begin XCBuildConfiguration section */
		41A35C182EB7D92C009B2ED9 /* Debug */ = {
			isa = XCBuildConfiguration;
			buildSettings = {
				DEVELOPMENT_TEAM = UG4RLDWC8L;
			};
			name = Debug;
		};
		41A35C192EB7D92C009B2ED9 /* Release */ = {
			isa = XCBuildConfiguration;
			buildSettings = {
				DEVELOPMENT_TEAM = UG4RLDWC8L;
			};
			name = Release;
		};
/* End XCBuildConfiguration section */

/* Begin XCConfigurationList section */
		41A35C172EB7D92C009B2ED9 /* Build configuration list for PBXProject "verba-apple" */ = {
			isa = XCConfigurationList;
			buildConfigurations = (
				41A35C182EB7D92C009B2ED9 /* Debug */,
				41A35C192EB7D92C009B2ED9 /* Release */,
			);
			defaultConfigurationIsVisible = 0;
			defaultConfigurationName = Release;
		};
/* End XCConfigurationList section */
	};
	rootObject = 41A35C142EB7D92C009B2ED9 /* Project object */;
}
